// !$*UTF8*$!
{
	archiveVersion = 1;
	classes = {
	};
	objectVersion = 48;
	objects = {

/* Begin PBXBuildFile section */
		151869331F490A54006D5DA3 /* ToDo.swift in Sources */ = {isa = PBXBuildFile; fileRef = 151869321F490A54006D5DA3 /* ToDo.swift */; };
		151869351F491D18006D5DA3 /* AddToDoViewController.swift in Sources */ = {isa = PBXBuildFile; fileRef = 151869341F491D18006D5DA3 /* AddToDoViewController.swift */; };
		15FEED951F4675330014EF13 /* AppDelegate.swift in Sources */ = {isa = PBXBuildFile; fileRef = 15FEED941F4675330014EF13 /* AppDelegate.swift */; };
		15FEED9A1F4675330014EF13 /* Main.storyboard in Resources */ = {isa = PBXBuildFile; fileRef = 15FEED981F4675330014EF13 /* Main.storyboard */; };
		15FEED9D1F4675330014EF13 /* ToDoList.xcdatamodeld in Sources */ = {isa = PBXBuildFile; fileRef = 15FEED9B1F4675330014EF13 /* ToDoList.xcdatamodeld */; };
		15FEED9F1F4675330014EF13 /* Assets.xcassets in Resources */ = {isa = PBXBuildFile; fileRef = 15FEED9E1F4675330014EF13 /* Assets.xcassets */; };
		15FEEDA21F4675330014EF13 /* LaunchScreen.storyboard in Resources */ = {isa = PBXBuildFile; fileRef = 15FEEDA01F4675330014EF13 /* LaunchScreen.storyboard */; };
		15FEEDAA1F4679030014EF13 /* ToDoTableViewController.swift in Sources */ = {isa = PBXBuildFile; fileRef = 15FEEDA91F4679030014EF13 /* ToDoTableViewController.swift */; };
/* End PBXBuildFile section */

/* Begin PBXFileReference section */
		151869321F490A54006D5DA3 /* ToDo.swift */ = {isa = PBXFileReference; lastKnownFileType = sourcecode.swift; path = ToDo.swift; sourceTree = "<group>"; };
		151869341F491D18006D5DA3 /* AddToDoViewController.swift */ = {isa = PBXFileReference; lastKnownFileType = sourcecode.swift; path = AddToDoViewController.swift; sourceTree = "<group>"; };
		15FEED911F4675330014EF13 /* ToDoList.app */ = {isa = PBXFileReference; explicitFileType = wrapper.application; includeInIndex = 0; path = ToDoList.app; sourceTree = BUILT_PRODUCTS_DIR; };
		15FEED941F4675330014EF13 /* AppDelegate.swift */ = {isa = PBXFileReference; lastKnownFileType = sourcecode.swift; path = AppDelegate.swift; sourceTree = "<group>"; };
		15FEED991F4675330014EF13 /* Base */ = {isa = PBXFileReference; lastKnownFileType = file.storyboard; name = Base; path = Base.lproj/Main.storyboard; sourceTree = "<group>"; };
		15FEED9C1F4675330014EF13 /* ToDoList.xcdatamodel */ = {isa = PBXFileReference; lastKnownFileType = wrapper.xcdatamodel; path = ToDoList.xcdatamodel; sourceTree = "<group>"; };
		15FEED9E1F4675330014EF13 /* Assets.xcassets */ = {isa = PBXFileReference; lastKnownFileType = folder.assetcatalog; path = Assets.xcassets; sourceTree = "<group>"; };
		15FEEDA11F4675330014EF13 /* Base */ = {isa = PBXFileReference; lastKnownFileType = file.storyboard; name = Base; path = Base.lproj/LaunchScreen.storyboard; sourceTree = "<group>"; };
		15FEEDA31F4675330014EF13 /* Info.plist */ = {isa = PBXFileReference; lastKnownFileType = text.plist.xml; path = Info.plist; sourceTree = "<group>"; };
		15FEEDA91F4679030014EF13 /* ToDoTableViewController.swift */ = {isa = PBXFileReference; lastKnownFileType = sourcecode.swift; path = ToDoTableViewController.swift; sourceTree = "<group>"; };
/* End PBXFileReference section */

/* Begin PBXFrameworksBuildPhase section */
		15FEED8E1F4675330014EF13 /* Frameworks */ = {
			isa = PBXFrameworksBuildPhase;
			buildActionMask = 2147483647;
			files = (
			);
			runOnlyForDeploymentPostprocessing = 0;
		};
/* End PBXFrameworksBuildPhase section */

/* Begin PBXGroup section */
		15FEED881F4675330014EF13 = {
			isa = PBXGroup;
			children = (
				15FEED931F4675330014EF13 /* ToDoList */,
				15FEED921F4675330014EF13 /* Products */,
			);
			sourceTree = "<group>";
		};
		15FEED921F4675330014EF13 /* Products */ = {
			isa = PBXGroup;
			children = (
				15FEED911F4675330014EF13 /* ToDoList.app */,
			);
			name = Products;
			sourceTree = "<group>";
		};
		15FEED931F4675330014EF13 /* ToDoList */ = {
			isa = PBXGroup;
			children = (
				15FEED941F4675330014EF13 /* AppDelegate.swift */,
				15FEEDA91F4679030014EF13 /* ToDoTableViewController.swift */,
				151869341F491D18006D5DA3 /* AddToDoViewController.swift */,
				151869321F490A54006D5DA3 /* ToDo.swift */,
				15FEED981F4675330014EF13 /* Main.storyboard */,
				15FEED9E1F4675330014EF13 /* Assets.xcassets */,
				15FEEDA01F4675330014EF13 /* LaunchScreen.storyboard */,
				15FEEDA31F4675330014EF13 /* Info.plist */,
				15FEED9B1F4675330014EF13 /* ToDoList.xcdatamodeld */,
			);
			path = ToDoList;
			sourceTree = "<group>";
		};
/* End PBXGroup section */

/* Begin PBXNativeTarget section */
		15FEED901F4675330014EF13 /* ToDoList */ = {
			isa = PBXNativeTarget;
			buildConfigurationList = 15FEEDA61F4675330014EF13 /* Build configuration list for PBXNativeTarget "ToDoList" */;
			buildPhases = (
				15FEED8D1F4675330014EF13 /* Sources */,
				15FEED8E1F4675330014EF13 /* Frameworks */,
				15FEED8F1F4675330014EF13 /* Resources */,
			);
			buildRules = (
			);
			dependencies = (
			);
			name = ToDoList;
			productName = ToDoList;
			productReference = 15FEED911F4675330014EF13 /* ToDoList.app */;
			productType = "com.apple.product-type.application";
		};
/* End PBXNativeTarget section */

/* Begin PBXProject section */
		15FEED891F4675330014EF13 /* Project object */ = {
			isa = PBXProject;
			attributes = {
				LastSwiftUpdateCheck = 0900;
				LastUpgradeCheck = 0900;
				ORGANIZATIONNAME = "Abhinav Shukla";
				TargetAttributes = {
					15FEED901F4675330014EF13 = {
						CreatedOnToolsVersion = 9.0;
					};
				};
			};
			buildConfigurationList = 15FEED8C1F4675330014EF13 /* Build configuration list for PBXProject "ToDoList" */;
			compatibilityVersion = "Xcode 8.0";
			developmentRegion = en;
			hasScannedForEncodings = 0;
			knownRegions = (
				en,
				Base,
			);
			mainGroup = 15FEED881F4675330014EF13;
			productRefGroup = 15FEED921F4675330014EF13 /* Products */;
			projectDirPath = "";
			projectRoot = "";
			targets = (
				15FEED901F4675330014EF13 /* ToDoList */,
			);
		};
/* End PBXProject section */

/* Begin PBXResourcesBuildPhase section */
		15FEED8F1F4675330014EF13 /* Resources */ = {
			isa = PBXResourcesBuildPhase;
			buildActionMask = 2147483647;
			files = (
				15FEEDA21F4675330014EF13 /* LaunchScreen.storyboard in Resources */,
				15FEED9F1F4675330014EF13 /* Assets.xcassets in Resources */,
				15FEED9A1F4675330014EF13 /* Main.storyboard in Resources */,
			);
			runOnlyForDeploymentPostprocessing = 0;
		};
/* End PBXResourcesBuildPhase section */

/* Begin PBXSourcesBuildPhase section */
		15FEED8D1F4675330014EF13 /* Sources */ = {
			isa = PBXSourcesBuildPhase;
			buildActionMask = 2147483647;
			files = (
				15FEED9D1F4675330014EF13 /* ToDoList.xcdatamodeld in Sources */,
				15FEEDAA1F4679030014EF13 /* ToDoTableViewController.swift in Sources */,
				151869351F491D18006D5DA3 /* AddToDoViewController.swift in Sources */,
				15FEED951F4675330014EF13 /* AppDelegate.swift in Sources */,
				151869331F490A54006D5DA3 /* ToDo.swift in Sources */,
			);
			runOnlyForDeploymentPostprocessing = 0;
		};
/* End PBXSourcesBuildPhase section */

/* Begin PBXVariantGroup section */
		15FEED981F4675330014EF13 /* Main.storyboard */ = {
			isa = PBXVariantGroup;
			children = (
				15FEED991F4675330014EF13 /* Base */,
			);
			name = Main.storyboard;
			sourceTree = "<group>";
		};
		15FEEDA01F4675330014EF13 /* LaunchScreen.storyboard */ = {
			isa = PBXVariantGroup;
			children = (
				15FEEDA11F4675330014EF13 /* Base */,
			);
			name = LaunchScreen.storyboard;
			sourceTree = "<group>";
		};
/* End PBXVariantGroup section */

/* Begin XCBuildConfiguration section */
		15FEEDA41F4675330014EF13 /* Debug */ = {
			isa = XCBuildConfiguration;
			buildSettings = {
				ALWAYS_SEARCH_USER_PATHS = NO;
				CLANG_ANALYZER_NONNULL = YES;
				CLANG_ANALYZER_NUMBER_OBJECT_CONVERSION = YES_AGGRESSIVE;
				CLANG_CXX_LANGUAGE_STANDARD = "gnu++14";
				CLANG_CXX_LIBRARY = "libc++";
				CLANG_ENABLE_MODULES = YES;
				CLANG_ENABLE_OBJC_ARC = YES;
				CLANG_WARN_BLOCK_CAPTURE_AUTORELEASING = YES;
				CLANG_WARN_BOOL_CONVERSION = YES;
				CLANG_WARN_COMMA = YES;
				CLANG_WARN_CONSTANT_CONVERSION = YES;
				CLANG_WARN_DIRECT_OBJC_ISA_USAGE = YES_ERROR;
				CLANG_WARN_DOCUMENTATION_COMMENTS = YES;
				CLANG_WARN_EMPTY_BODY = YES;
				CLANG_WARN_ENUM_CONVERSION = YES;
				CLANG_WARN_INFINITE_RECURSION = YES;
				CLANG_WARN_INT_CONVERSION = YES;
				CLANG_WARN_NON_LITERAL_NULL_CONVERSION = YES;
				CLANG_WARN_OBJC_LITERAL_CONVERSION = YES;
				CLANG_WARN_OBJC_ROOT_CLASS = YES_ERROR;
				CLANG_WARN_RANGE_LOOP_ANALYSIS = YES;
				CLANG_WARN_STRICT_PROTOTYPES = YES;
				CLANG_WARN_SUSPICIOUS_MOVE = YES;
				CLANG_WARN_UNGUARDED_AVAILABILITY = YES_AGGRESSIVE;
				CLANG_WARN_UNREACHABLE_CODE = YES;
				CLANG_WARN__DUPLICATE_METHOD_MATCH = YES;
				CODE_SIGN_IDENTITY = "iPhone Developer";
				COPY_PHASE_STRIP = NO;
				DEBUG_INFORMATION_FORMAT = dwarf;
				ENABLE_STRICT_OBJC_MSGSEND = YES;
				ENABLE_TESTABILITY = YES;
				GCC_C_LANGUAGE_STANDARD = gnu11;
				GCC_DYNAMIC_NO_PIC = NO;
				GCC_NO_COMMON_BLOCKS = YES;
				GCC_OPTIMIZATION_LEVEL = 0;
				GCC_PREPROCESSOR_DEFINITIONS = (
					"DEBUG=1",
					"$(inherited)",
				);
				GCC_WARN_64_TO_32_BIT_CONVERSION = YES;
				GCC_WARN_ABOUT_RETURN_TYPE = YES_ERROR;
				GCC_WARN_UNDECLARED_SELECTOR = YES;
				GCC_WARN_UNINITIALIZED_AUTOS = YES_AGGRESSIVE;
				GCC_WARN_UNUSED_FUNCTION = YES;
				GCC_WARN_UNUSED_VARIABLE = YES;
				IPHONEOS_DEPLOYMENT_TARGET = 11.0;
				MTL_ENABLE_DEBUG_INFO = YES;
				ONLY_ACTIVE_ARCH = YES;
				SDKROOT = iphoneos;
				SWIFT_ACTIVE_COMPILATION_CONDITIONS = DEBUG;
				SWIFT_OPTIMIZATION_LEVEL = "-Onone";
			};
			name = Debug;
		};
		15FEEDA51F4675330014EF13 /* Release */ = {
			isa = XCBuildConfiguration;
			buildSettings = {
				ALWAYS_SEARCH_USER_PATHS = NO;
				CLANG_ANALYZER_NONNULL = YES;
				CLANG_ANALYZER_NUMBER_OBJECT_CONVERSION = YES_AGGRESSIVE;
				CLANG_CXX_LANGUAGE_STANDARD = "gnu++14";
				CLANG_CXX_LIBRARY = "libc++";
				CLANG_ENABLE_MODULES = YES;
				CLANG_ENABLE_OBJC_ARC = YES;
				CLANG_WARN_BLOCK_CAPTURE_AUTORELEASING = YES;
				CLANG_WARN_BOOL_CONVERSION = YES;
				CLANG_WARN_COMMA = YES;
				CLANG_WARN_CONSTANT_CONVERSION = YES;
				CLANG_WARN_DIRECT_OBJC_ISA_USAGE = YES_ERROR;
				CLANG_WARN_DOCUMENTATION_COMMENTS = YES;
				CLANG_WARN_EMPTY_BODY = YES;
				CLANG_WARN_ENUM_CONVERSION = YES;
				CLANG_WARN_INFINITE_RECURSION = YES;
				CLANG_WARN_INT_CONVERSION = YES;
				CLANG_WARN_NON_LITERAL_NULL_CONVERSION = YES;
				CLANG_WARN_OBJC_LITERAL_CONVERSION = YES;
				CLANG_WARN_OBJC_ROOT_CLASS = YES_ERROR;
				CLANG_WARN_RANGE_LOOP_ANALYSIS = YES;
				CLANG_WARN_STRICT_PROTOTYPES = YES;
				CLANG_WARN_SUSPICIOUS_MOVE = YES;
				CLANG_WARN_UNGUARDED_AVAILABILITY = YES_AGGRESSIVE;
				CLANG_WARN_UNREACHABLE_CODE = YES;
				CLANG_WARN__DUPLICATE_METHOD_MATCH = YES;
				CODE_SIGN_IDENTITY = "iPhone Developer";
				COPY_PHASE_STRIP = NO;
				DEBUG_INFORMATION_FORMAT = "dwarf-with-dsym";
				ENABLE_NS_ASSERTIONS = NO;
				ENABLE_STRICT_OBJC_MSGSEND = YES;
				GCC_C_LANGUAGE_STANDARD = gnu11;
				GCC_NO_COMMON_BLOCKS = YES;
				GCC_WARN_64_TO_32_BIT_CONVERSION = YES;
				GCC_WARN_ABOUT_RETURN_TYPE = YES_ERROR;
				GCC_WARN_UNDECLARED_SELECTOR = YES;
				GCC_WARN_UNINITIALIZED_AUTOS = YES_AGGRESSIVE;
				GCC_WARN_UNUSED_FUNCTION = YES;
				GCC_WARN_UNUSED_VARIABLE = YES;
				IPHONEOS_DEPLOYMENT_TARGET = 11.0;
				MTL_ENABLE_DEBUG_INFO = NO;
				SDKROOT = iphoneos;
				SWIFT_OPTIMIZATION_LEVEL = "-Owholemodule";
				VALIDATE_PRODUCT = YES;
			};
			name = Release;
		};
		15FEEDA71F4675330014EF13 /* Debug */ = {
			isa = XCBuildConfiguration;
			buildSettings = {
				ASSETCATALOG_COMPILER_APPICON_NAME = AppIcon;
				INFOPLIST_FILE = ToDoList/Info.plist;
				LD_RUNPATH_SEARCH_PATHS = "$(inherited) @executable_path/Frameworks";
				PRODUCT_BUNDLE_IDENTIFIER = com.absmechanik.ToDoList;
				PRODUCT_NAME = "$(TARGET_NAME)";
				SWIFT_VERSION = 4.0;
				TARGETED_DEVICE_FAMILY = "1,2";
			};
			name = Debug;
		};
		15FEEDA81F4675330014EF13 /* Release */ = {
			isa = XCBuildConfiguration;
			buildSettings = {
				ASSETCATALOG_COMPILER_APPICON_NAME = AppIcon;
				INFOPLIST_FILE = ToDoList/Info.plist;
				LD_RUNPATH_SEARCH_PATHS = "$(inherited) @executable_path/Frameworks";
				PRODUCT_BUNDLE_IDENTIFIER = com.absmechanik.ToDoList;
				PRODUCT_NAME = "$(TARGET_NAME)";
				SWIFT_VERSION = 4.0;
				TARGETED_DEVICE_FAMILY = "1,2";
			};
			name = Release;
		};
/* End XCBuildConfiguration section */

/* Begin XCConfigurationList section */
		15FEED8C1F4675330014EF13 /* Build configuration list for PBXProject "ToDoList" */ = {
			isa = XCConfigurationList;
			buildConfigurations = (
				15FEEDA41F4675330014EF13 /* Debug */,
				15FEEDA51F4675330014EF13 /* Release */,
			);
			defaultConfigurationIsVisible = 0;
			defaultConfigurationName = Release;
		};
		15FEEDA61F4675330014EF13 /* Build configuration list for PBXNativeTarget "ToDoList" */ = {
			isa = XCConfigurationList;
			buildConfigurations = (
				15FEEDA71F4675330014EF13 /* Debug */,
				15FEEDA81F4675330014EF13 /* Release */,
			);
			defaultConfigurationIsVisible = 0;
			defaultConfigurationName = Release;
		};
/* End XCConfigurationList section */

/* Begin XCVersionGroup section */
		15FEED9B1F4675330014EF13 /* ToDoList.xcdatamodeld */ = {
			isa = XCVersionGroup;
			children = (
				15FEED9C1F4675330014EF13 /* ToDoList.xcdatamodel */,
			);
			currentVersion = 15FEED9C1F4675330014EF13 /* ToDoList.xcdatamodel */;
			path = ToDoList.xcdatamodeld;
			sourceTree = "<group>";
			versionGroupType = wrapper.xcdatamodel;
		};
/* End XCVersionGroup section */
	};
	rootObject = 15FEED891F4675330014EF13 /* Project object */;
}
